
Microsoft Visual Studio Solution File, Format Version 12.00
# Visual Studio Version 17
VisualStudioVersion = 17.5.002.0
MinimumVisualStudioVersion = 10.0.40219.1
Project("{9A19103F-16F7-4668-BE54-9A1E7A4F7556}") = "grpcClient", "grpcClient\grpcClient.csproj", "{7F05B996-F80B-4BE4-846B-EB8C366E6A0F}"
EndProject
Project("{9A19103F-16F7-4668-BE54-9A1E7A4F7556}") = "grpcServer", "grpcServer\grpcServer.csproj", "{71412F4C-D586-446E-9E0E-CD405EB0DBAA}"
EndProject
Global
	GlobalSection(SolutionConfigurationPlatforms) = preSolution
		Debug|Any CPU = Debug|Any CPU
		Release|Any CPU = Release|Any CPU
	EndGlobalSection
	GlobalSection(ProjectConfigurationPlatforms) = postSolution
		{7F05B996-F80B-4BE4-846B-EB8C366E6A0F}.Debug|Any CPU.ActiveCfg = Debug|Any CPU
		{7F05B996-F80B-4BE4-846B-EB8C366E6A0F}.Debug|Any CPU.Build.0 = Debug|Any CPU
		{7F05B996-F80B-4BE4-846B-EB8C366E6A0F}.Release|Any CPU.ActiveCfg = Release|Any CPU
		{7F05B996-F80B-4BE4-846B-EB8C366E6A0F}.Release|Any CPU.Build.0 = Release|Any CPU
		{71412F4C-D586-446E-9E0E-CD405EB0DBAA}.Debug|Any CPU.ActiveCfg = Debug|Any CPU
		{71412F4C-D586-446E-9E0E-CD405EB0DBAA}.Debug|Any CPU.Build.0 = Debug|Any CPU
		{71412F4C-D586-446E-9E0E-CD405EB0DBAA}.Release|Any CPU.ActiveCfg = Release|Any CPU
		{71412F4C-D586-446E-9E0E-CD405EB0DBAA}.Release|Any CPU.Build.0 = Release|Any CPU
	EndGlobalSection
	GlobalSection(SolutionProperties) = preSolution
		HideSolutionNode = FALSE
	EndGlobalSection
	GlobalSection(ExtensibilityGlobals) = postSolution
		SolutionGuid = {49176952-F7CE-4342-8455-B4678E1AC74E}
	EndGlobalSection
EndGlobal
